
Microsoft Visual Studio Solution File, Format Version 12.00
# Visual Studio Version 17
VisualStudioVersion = 17.9.34607.119
MinimumVisualStudioVersion = 10.0.40219.1
Project("{9A19103F-16F7-4668-BE54-9A1E7A4F7556}") = "Business", "business\Business.csproj", "{FF8345A7-51A7-4041-B013-C0EFEAC552C0}"
EndProject
Project("{9A19103F-16F7-4668-BE54-9A1E7A4F7556}") = "DataAccess", "DataAccess\DataAccess.csproj", "{03B88A82-FC70-474C-BA0F-614CA85A189F}"
EndProject
Project("{9A19103F-16F7-4668-BE54-9A1E7A4F7556}") = "Entities", "Entities\Entities.csproj", "{620A7450-A8D0-4DDF-83C7-4D9A34F3B9D6}"
EndProject
Project("{FAE04EC0-301F-11D3-BF4B-00C04F79EFBC}") = "ConsoleUI", "ConsoleUI\ConsoleUI.csproj", "{EB619DEB-EADD-482E-9DAF-BC3FF31B1CAA}"
EndProject
Project("{FAE04EC0-301F-11D3-BF4B-00C04F79EFBC}") = "Core", "Core\Core.csproj", "{E53EB115-0BA4-4E2D-B6B2-CB78221226F2}"
EndProject
Global
	GlobalSection(SolutionConfigurationPlatforms) = preSolution
		Debug|Any CPU = Debug|Any CPU
		Release|Any CPU = Release|Any CPU
	EndGlobalSection
	GlobalSection(ProjectConfigurationPlatforms) = postSolution
		{FF8345A7-51A7-4041-B013-C0EFEAC552C0}.Debug|Any CPU.ActiveCfg = Debug|Any CPU
		{FF8345A7-51A7-4041-B013-C0EFEAC552C0}.Debug|Any CPU.Build.0 = Debug|Any CPU
		{FF8345A7-51A7-4041-B013-C0EFEAC552C0}.Release|Any CPU.ActiveCfg = Release|Any CPU
		{FF8345A7-51A7-4041-B013-C0EFEAC552C0}.Release|Any CPU.Build.0 = Release|Any CPU
		{03B88A82-FC70-474C-BA0F-614CA85A189F}.Debug|Any CPU.ActiveCfg = Debug|Any CPU
		{03B88A82-FC70-474C-BA0F-614CA85A189F}.Debug|Any CPU.Build.0 = Debug|Any CPU
		{03B88A82-FC70-474C-BA0F-614CA85A189F}.Release|Any CPU.ActiveCfg = Release|Any CPU
		{03B88A82-FC70-474C-BA0F-614CA85A189F}.Release|Any CPU.Build.0 = Release|Any CPU
		{620A7450-A8D0-4DDF-83C7-4D9A34F3B9D6}.Debug|Any CPU.ActiveCfg = Debug|Any CPU
		{620A7450-A8D0-4DDF-83C7-4D9A34F3B9D6}.Debug|Any CPU.Build.0 = Debug|Any CPU
		{620A7450-A8D0-4DDF-83C7-4D9A34F3B9D6}.Release|Any CPU.ActiveCfg = Release|Any CPU
		{620A7450-A8D0-4DDF-83C7-4D9A34F3B9D6}.Release|Any CPU.Build.0 = Release|Any CPU
		{EB619DEB-EADD-482E-9DAF-BC3FF31B1CAA}.Debug|Any CPU.ActiveCfg = Debug|Any CPU
		{EB619DEB-EADD-482E-9DAF-BC3FF31B1CAA}.Debug|Any CPU.Build.0 = Debug|Any CPU
		{EB619DEB-EADD-482E-9DAF-BC3FF31B1CAA}.Release|Any CPU.ActiveCfg = Release|Any CPU
		{EB619DEB-EADD-482E-9DAF-BC3FF31B1CAA}.Release|Any CPU.Build.0 = Release|Any CPU
		{E53EB115-0BA4-4E2D-B6B2-CB78221226F2}.Debug|Any CPU.ActiveCfg = Debug|Any CPU
		{E53EB115-0BA4-4E2D-B6B2-CB78221226F2}.Debug|Any CPU.Build.0 = Debug|Any CPU
		{E53EB115-0BA4-4E2D-B6B2-CB78221226F2}.Release|Any CPU.ActiveCfg = Release|Any CPU
		{E53EB115-0BA4-4E2D-B6B2-CB78221226F2}.Release|Any CPU.Build.0 = Release|Any CPU
	EndGlobalSection
	GlobalSection(SolutionProperties) = preSolution
		HideSolutionNode = FALSE
	EndGlobalSection
	GlobalSection(ExtensibilityGlobals) = postSolution
		SolutionGuid = {5654EE5A-E1E5-46A9-AEF5-DA87F51F06F7}
	EndGlobalSection
EndGlobal
